
Microsoft Visual Studio Solution File, Format Version 12.00
# Visual Studio Version 16
VisualStudioVersion = 16.0.31112.23
MinimumVisualStudioVersion = 10.0.40219.1
Project("{9A19103F-16F7-4668-BE54-9A1E7A4F7556}") = "UserAuthBlog", "UserAuthBlog\UserAuthBlog.csproj", "{C4778EEE-A121-447C-9158-C489365630F5}"
EndProject
Project("{FAE04EC0-301F-11D3-BF4B-00C04F79EFBC}") = "UserAuthBlog.Core", "UserAuthBlog.Core\UserAuthBlog.Core.csproj", "{43648C92-3D49-424E-8C46-BE30D1B52E59}"
EndProject
Project("{FAE04EC0-301F-11D3-BF4B-00C04F79EFBC}") = "UserAuthBlog.Data", "UserAuthBlog.Data\UserAuthBlog.Data.csproj", "{062DB7E3-8D93-428B-923D-DA2FCF2FA9B9}"
EndProject
Global
	GlobalSection(SolutionConfigurationPlatforms) = preSolution
		Debug|Any CPU = Debug|Any CPU
		Release|Any CPU = Release|Any CPU
	EndGlobalSection
	GlobalSection(ProjectConfigurationPlatforms) = postSolution
		{C4778EEE-A121-447C-9158-C489365630F5}.Debug|Any CPU.ActiveCfg = Debug|Any CPU
		{C4778EEE-A121-447C-9158-C489365630F5}.Debug|Any CPU.Build.0 = Debug|Any CPU
		{C4778EEE-A121-447C-9158-C489365630F5}.Release|Any CPU.ActiveCfg = Release|Any CPU
		{C4778EEE-A121-447C-9158-C489365630F5}.Release|Any CPU.Build.0 = Release|Any CPU
		{43648C92-3D49-424E-8C46-BE30D1B52E59}.Debug|Any CPU.ActiveCfg = Debug|Any CPU
		{43648C92-3D49-424E-8C46-BE30D1B52E59}.Debug|Any CPU.Build.0 = Debug|Any CPU
		{43648C92-3D49-424E-8C46-BE30D1B52E59}.Release|Any CPU.ActiveCfg = Release|Any CPU
		{43648C92-3D49-424E-8C46-BE30D1B52E59}.Release|Any CPU.Build.0 = Release|Any CPU
		{062DB7E3-8D93-428B-923D-DA2FCF2FA9B9}.Debug|Any CPU.ActiveCfg = Debug|Any CPU
		{062DB7E3-8D93-428B-923D-DA2FCF2FA9B9}.Debug|Any CPU.Build.0 = Debug|Any CPU
		{062DB7E3-8D93-428B-923D-DA2FCF2FA9B9}.Release|Any CPU.ActiveCfg = Release|Any CPU
		{062DB7E3-8D93-428B-923D-DA2FCF2FA9B9}.Release|Any CPU.Build.0 = Release|Any CPU
	EndGlobalSection
	GlobalSection(SolutionProperties) = preSolution
		HideSolutionNode = FALSE
	EndGlobalSection
	GlobalSection(ExtensibilityGlobals) = postSolution
		SolutionGuid = {04374FB9-5763-43EE-AD8E-BC61A7205ED6}
	EndGlobalSection
EndGlobal
